{
  "requires": true,
  "lockfileVersion": 1,
  "dependencies": {
    "@types/jasmine": {
      "version": "3.6.4",
      "resolved": "https://registry.npmjs.org/@types/jasmine/-/jasmine-3.6.4.tgz",
      "integrity": "sha512-CTdMERA4iGNcxeqzD7pavb4WLIFq6bGnx6nIJD+1D4Knx24GE6QBPrWVhO8UlIy7gf7rbIt3ZD7iIzryRD2TgA=="
    },
    "vscode-icons-js": {
      "version": "11.1.0",
      "resolved": "https://registry.npmjs.org/vscode-icons-js/-/vscode-icons-js-11.1.0.tgz",
      "integrity": "sha512-dv+FoTvetdqTyWrsuo7DMpdXa9Rh6JQUOXgQAXbsHcyt6UpPZ3SfqXuRPOGYB/lxIv6LKg6DS8YGwoCiVKg4Zw==",
      "requires": {
        "@types/jasmine": "^3.6.3"
      }
    }
  }
}
